// !$*UTF8*$!
{
	archiveVersion = 1;
	classes = {
	};
	objectVersion = 48;
	objects = {

/* Begin PBXBuildFile section */
		9B535D4520C1135900982A6D /* CurrencyData.swift in Sources */ = {isa = PBXBuildFile; fileRef = 9B535D4420C1135900982A6D /* CurrencyData.swift */; };
		9B535D4720C1251A00982A6D /* Bid.swift in Sources */ = {isa = PBXBuildFile; fileRef = 9B535D4620C1251A00982A6D /* Bid.swift */; };
		9BC51A4520C17156000110A2 /* displayError.swift in Sources */ = {isa = PBXBuildFile; fileRef = 9BC51A4420C17156000110A2 /* displayError.swift */; };
		9BEC0FE520BF6933003200F6 /* AppDelegate.swift in Sources */ = {isa = PBXBuildFile; fileRef = 9BEC0FE420BF6933003200F6 /* AppDelegate.swift */; };
		9BEC0FEA20BF6933003200F6 /* Main.storyboard in Resources */ = {isa = PBXBuildFile; fileRef = 9BEC0FE820BF6933003200F6 /* Main.storyboard */; };
		9BEC0FEC20BF6933003200F6 /* Assets.xcassets in Resources */ = {isa = PBXBuildFile; fileRef = 9BEC0FEB20BF6933003200F6 /* Assets.xcassets */; };
		9BEC0FEF20BF6933003200F6 /* LaunchScreen.storyboard in Resources */ = {isa = PBXBuildFile; fileRef = 9BEC0FED20BF6933003200F6 /* LaunchScreen.storyboard */; };
		9BEC0FF720BF6AC8003200F6 /* WatchlistViewController.swift in Sources */ = {isa = PBXBuildFile; fileRef = 9BEC0FF620BF6AC8003200F6 /* WatchlistViewController.swift */; };
		9BEC0FFB20BF6BC9003200F6 /* DetailViewController.swift in Sources */ = {isa = PBXBuildFile; fileRef = 9BEC0FFA20BF6BC9003200F6 /* DetailViewController.swift */; };
		9BEC0FFD20BF73E4003200F6 /* AddCoinViewController.swift in Sources */ = {isa = PBXBuildFile; fileRef = 9BEC0FFC20BF73E4003200F6 /* AddCoinViewController.swift */; };
		9BEC0FFF20BF787F003200F6 /* WatchlistCell.swift in Sources */ = {isa = PBXBuildFile; fileRef = 9BEC0FFE20BF787F003200F6 /* WatchlistCell.swift */; };
		9BEC100920BF9D7C003200F6 /* DataModal.xcdatamodeld in Sources */ = {isa = PBXBuildFile; fileRef = 9BEC100720BF9D7C003200F6 /* DataModal.xcdatamodeld */; };
		9BEC100F20BFA2FE003200F6 /* BittrexClient.swift in Sources */ = {isa = PBXBuildFile; fileRef = 9BEC100E20BFA2FE003200F6 /* BittrexClient.swift */; };
		E7EF9B157778A3A870D8EA8D /* Pods_Cryptrack.framework in Frameworks */ = {isa = PBXBuildFile; fileRef = 1CCEBF38C1C6592208C7F274 /* Pods_Cryptrack.framework */; };
/* End PBXBuildFile section */

/* Begin PBXFileReference section */
		1CCEBF38C1C6592208C7F274 /* Pods_Cryptrack.framework */ = {isa = PBXFileReference; explicitFileType = wrapper.framework; includeInIndex = 0; path = Pods_Cryptrack.framework; sourceTree = BUILT_PRODUCTS_DIR; };
		1E6AA4DF8CBEB189D0B8441F /* Pods-Cryptrack.debug.xcconfig */ = {isa = PBXFileReference; includeInIndex = 1; lastKnownFileType = text.xcconfig; name = "Pods-Cryptrack.debug.xcconfig"; path = "Pods/Target Support Files/Pods-Cryptrack/Pods-Cryptrack.debug.xcconfig"; sourceTree = "<group>"; };
		5D44C0B1FA4393B74297279C /* Pods-Cryptrack.release.xcconfig */ = {isa = PBXFileReference; includeInIndex = 1; lastKnownFileType = text.xcconfig; name = "Pods-Cryptrack.release.xcconfig"; path = "Pods/Target Support Files/Pods-Cryptrack/Pods-Cryptrack.release.xcconfig"; sourceTree = "<group>"; };
		9B535D4420C1135900982A6D /* CurrencyData.swift */ = {isa = PBXFileReference; lastKnownFileType = sourcecode.swift; path = CurrencyData.swift; sourceTree = "<group>"; };
		9B535D4620C1251A00982A6D /* Bid.swift */ = {isa = PBXFileReference; lastKnownFileType = sourcecode.swift; path = Bid.swift; sourceTree = "<group>"; };
		9BC51A4420C17156000110A2 /* displayError.swift */ = {isa = PBXFileReference; lastKnownFileType = sourcecode.swift; path = displayError.swift; sourceTree = "<group>"; };
		9BEC0FE120BF6933003200F6 /* Cryptrack.app */ = {isa = PBXFileReference; explicitFileType = wrapper.application; includeInIndex = 0; path = Cryptrack.app; sourceTree = BUILT_PRODUCTS_DIR; };
		9BEC0FE420BF6933003200F6 /* AppDelegate.swift */ = {isa = PBXFileReference; lastKnownFileType = sourcecode.swift; path = AppDelegate.swift; sourceTree = "<group>"; };
		9BEC0FE920BF6933003200F6 /* Base */ = {isa = PBXFileReference; lastKnownFileType = file.storyboard; name = Base; path = Base.lproj/Main.storyboard; sourceTree = "<group>"; };
		9BEC0FEB20BF6933003200F6 /* Assets.xcassets */ = {isa = PBXFileReference; lastKnownFileType = folder.assetcatalog; path = Assets.xcassets; sourceTree = "<group>"; };
		9BEC0FEE20BF6933003200F6 /* Base */ = {isa = PBXFileReference; lastKnownFileType = file.storyboard; name = Base; path = Base.lproj/LaunchScreen.storyboard; sourceTree = "<group>"; };
		9BEC0FF020BF6933003200F6 /* Info.plist */ = {isa = PBXFileReference; lastKnownFileType = text.plist.xml; path = Info.plist; sourceTree = "<group>"; };
		9BEC0FF620BF6AC8003200F6 /* WatchlistViewController.swift */ = {isa = PBXFileReference; lastKnownFileType = sourcecode.swift; path = WatchlistViewController.swift; sourceTree = "<group>"; };
		9BEC0FFA20BF6BC9003200F6 /* DetailViewController.swift */ = {isa = PBXFileReference; lastKnownFileType = sourcecode.swift; path = DetailViewController.swift; sourceTree = "<group>"; };
		9BEC0FFC20BF73E4003200F6 /* AddCoinViewController.swift */ = {isa = PBXFileReference; lastKnownFileType = sourcecode.swift; path = AddCoinViewController.swift; sourceTree = "<group>"; };
		9BEC0FFE20BF787F003200F6 /* WatchlistCell.swift */ = {isa = PBXFileReference; lastKnownFileType = sourcecode.swift; path = WatchlistCell.swift; sourceTree = "<group>"; };
		9BEC100820BF9D7C003200F6 /* DataModal.xcdatamodel */ = {isa = PBXFileReference; lastKnownFileType = wrapper.xcdatamodel; path = DataModal.xcdatamodel; sourceTree = "<group>"; };
		9BEC100E20BFA2FE003200F6 /* BittrexClient.swift */ = {isa = PBXFileReference; lastKnownFileType = sourcecode.swift; path = BittrexClient.swift; sourceTree = "<group>"; };
/* End PBXFileReference section */

/* Begin PBXFrameworksBuildPhase section */
		9BEC0FDE20BF6933003200F6 /* Frameworks */ = {
			isa = PBXFrameworksBuildPhase;
			buildActionMask = 2147483647;
			files = (
				E7EF9B157778A3A870D8EA8D /* Pods_Cryptrack.framework in Frameworks */,
			);
			runOnlyForDeploymentPostprocessing = 0;
		};
/* End PBXFrameworksBuildPhase section */

/* Begin PBXGroup section */
		5AA0BE2E83163DE90EC6E8C1 /* Pods */ = {
			isa = PBXGroup;
			children = (
				1E6AA4DF8CBEB189D0B8441F /* Pods-Cryptrack.debug.xcconfig */,
				5D44C0B1FA4393B74297279C /* Pods-Cryptrack.release.xcconfig */,
			);
			name = Pods;
			sourceTree = "<group>";
		};
		9BEC0FD820BF6933003200F6 = {
			isa = PBXGroup;
			children = (
				9BEC0FE320BF6933003200F6 /* Cryptrack */,
				9BEC0FE220BF6933003200F6 /* Products */,
				5AA0BE2E83163DE90EC6E8C1 /* Pods */,
				B5BB493025B5E152B8992568 /* Frameworks */,
			);
			sourceTree = "<group>";
		};
		9BEC0FE220BF6933003200F6 /* Products */ = {
			isa = PBXGroup;
			children = (
				9BEC0FE120BF6933003200F6 /* Cryptrack.app */,
			);
			name = Products;
			sourceTree = "<group>";
		};
		9BEC0FE320BF6933003200F6 /* Cryptrack */ = {
			isa = PBXGroup;
			children = (
				9BEC100620BF9D3C003200F6 /* Supporting Files */,
				9BEC100520BF9D07003200F6 /* Modal */,
				9BEC100420BF9D04003200F6 /* View */,
				9BEC100320BF9D02003200F6 /* Controller */,
			);
			path = Cryptrack;
			sourceTree = "<group>";
		};
		9BEC100320BF9D02003200F6 /* Controller */ = {
			isa = PBXGroup;
			children = (
				9BEC0FF620BF6AC8003200F6 /* WatchlistViewController.swift */,
				9BEC0FFC20BF73E4003200F6 /* AddCoinViewController.swift */,
				9BEC0FFA20BF6BC9003200F6 /* DetailViewController.swift */,
			);
			path = Controller;
			sourceTree = "<group>";
		};
		9BEC100420BF9D04003200F6 /* View */ = {
			isa = PBXGroup;
			children = (
				9BEC0FED20BF6933003200F6 /* LaunchScreen.storyboard */,
				9BEC0FEB20BF6933003200F6 /* Assets.xcassets */,
				9BEC0FE820BF6933003200F6 /* Main.storyboard */,
			);
			path = View;
			sourceTree = "<group>";
		};
		9BEC100520BF9D07003200F6 /* Modal */ = {
			isa = PBXGroup;
			children = (
				9BEC0FFE20BF787F003200F6 /* WatchlistCell.swift */,
				9BEC100720BF9D7C003200F6 /* DataModal.xcdatamodeld */,
				9BEC100E20BFA2FE003200F6 /* BittrexClient.swift */,
				9B535D4420C1135900982A6D /* CurrencyData.swift */,
				9B535D4620C1251A00982A6D /* Bid.swift */,
			);
			path = Modal;
			sourceTree = "<group>";
		};
		9BEC100620BF9D3C003200F6 /* Supporting Files */ = {
			isa = PBXGroup;
			children = (
				9BEC0FE420BF6933003200F6 /* AppDelegate.swift */,
				9BEC0FF020BF6933003200F6 /* Info.plist */,
				9BC51A4420C17156000110A2 /* displayError.swift */,
			);
			path = "Supporting Files";
			sourceTree = "<group>";
		};
		B5BB493025B5E152B8992568 /* Frameworks */ = {
			isa = PBXGroup;
			children = (
				1CCEBF38C1C6592208C7F274 /* Pods_Cryptrack.framework */,
			);
			name = Frameworks;
			sourceTree = "<group>";
		};
/* End PBXGroup section */

/* Begin PBXNativeTarget section */
		9BEC0FE020BF6933003200F6 /* Cryptrack */ = {
			isa = PBXNativeTarget;
			buildConfigurationList = 9BEC0FF320BF6933003200F6 /* Build configuration list for PBXNativeTarget "Cryptrack" */;
			buildPhases = (
				DAA97A7FACD07F45DC70A84C /* [CP] Check Pods Manifest.lock */,
				9BEC0FDD20BF6933003200F6 /* Sources */,
				9BEC0FDE20BF6933003200F6 /* Frameworks */,
				9BEC0FDF20BF6933003200F6 /* Resources */,
				0F2CC07B050B7638197A1868 /* [CP] Embed Pods Frameworks */,
				70D764B7814B3998CD23FD75 /* [CP] Copy Pods Resources */,
			);
			buildRules = (
			);
			dependencies = (
			);
			name = Cryptrack;
			productName = Cryptrack;
			productReference = 9BEC0FE120BF6933003200F6 /* Cryptrack.app */;
			productType = "com.apple.product-type.application";
		};
/* End PBXNativeTarget section */

/* Begin PBXProject section */
		9BEC0FD920BF6933003200F6 /* Project object */ = {
			isa = PBXProject;
			attributes = {
				LastSwiftUpdateCheck = 0920;
				LastUpgradeCheck = 0920;
				ORGANIZATIONNAME = "Bora A. ONUR";
				TargetAttributes = {
					9BEC0FE020BF6933003200F6 = {
						CreatedOnToolsVersion = 9.2;
						ProvisioningStyle = Automatic;
					};
				};
			};
			buildConfigurationList = 9BEC0FDC20BF6933003200F6 /* Build configuration list for PBXProject "Cryptrack" */;
			compatibilityVersion = "Xcode 8.0";
			developmentRegion = en;
			hasScannedForEncodings = 0;
			knownRegions = (
				en,
				Base,
			);
			mainGroup = 9BEC0FD820BF6933003200F6;
			productRefGroup = 9BEC0FE220BF6933003200F6 /* Products */;
			projectDirPath = "";
			projectRoot = "";
			targets = (
				9BEC0FE020BF6933003200F6 /* Cryptrack */,
			);
		};
/* End PBXProject section */

/* Begin PBXResourcesBuildPhase section */
		9BEC0FDF20BF6933003200F6 /* Resources */ = {
			isa = PBXResourcesBuildPhase;
			buildActionMask = 2147483647;
			files = (
				9BEC0FEF20BF6933003200F6 /* LaunchScreen.storyboard in Resources */,
				9BEC0FEC20BF6933003200F6 /* Assets.xcassets in Resources */,
				9BEC0FEA20BF6933003200F6 /* Main.storyboard in Resources */,
			);
			runOnlyForDeploymentPostprocessing = 0;
		};
/* End PBXResourcesBuildPhase section */

/* Begin PBXShellScriptBuildPhase section */
		0F2CC07B050B7638197A1868 /* [CP] Embed Pods Frameworks */ = {
			isa = PBXShellScriptBuildPhase;
			buildActionMask = 2147483647;
			files = (
			);
			inputPaths = (
				"${SRCROOT}/Pods/Target Support Files/Pods-Cryptrack/Pods-Cryptrack-frameworks.sh",
				"${BUILT_PRODUCTS_DIR}/SwiftChart/SwiftChart.framework",
			);
			name = "[CP] Embed Pods Frameworks";
			outputPaths = (
				"${TARGET_BUILD_DIR}/${FRAMEWORKS_FOLDER_PATH}/SwiftChart.framework",
			);
			runOnlyForDeploymentPostprocessing = 0;
			shellPath = /bin/sh;
			shellScript = "\"${SRCROOT}/Pods/Target Support Files/Pods-Cryptrack/Pods-Cryptrack-frameworks.sh\"\n";
			showEnvVarsInLog = 0;
		};
		70D764B7814B3998CD23FD75 /* [CP] Copy Pods Resources */ = {
			isa = PBXShellScriptBuildPhase;
			buildActionMask = 2147483647;
			files = (
			);
			inputPaths = (
			);
			name = "[CP] Copy Pods Resources";
			outputPaths = (
			);
			runOnlyForDeploymentPostprocessing = 0;
			shellPath = /bin/sh;
			shellScript = "\"${SRCROOT}/Pods/Target Support Files/Pods-Cryptrack/Pods-Cryptrack-resources.sh\"\n";
			showEnvVarsInLog = 0;
		};
		DAA97A7FACD07F45DC70A84C /* [CP] Check Pods Manifest.lock */ = {
			isa = PBXShellScriptBuildPhase;
			buildActionMask = 2147483647;
			files = (
			);
			inputPaths = (
				"${PODS_PODFILE_DIR_PATH}/Podfile.lock",
				"${PODS_ROOT}/Manifest.lock",
			);
			name = "[CP] Check Pods Manifest.lock";
			outputPaths = (
				"$(DERIVED_FILE_DIR)/Pods-Cryptrack-checkManifestLockResult.txt",
			);
			runOnlyForDeploymentPostprocessing = 0;
			shellPath = /bin/sh;
			shellScript = "diff \"${PODS_PODFILE_DIR_PATH}/Podfile.lock\" \"${PODS_ROOT}/Manifest.lock\" > /dev/null\nif [ $? != 0 ] ; then\n    # print error to STDERR\n    echo \"error: The sandbox is not in sync with the Podfile.lock. Run 'pod install' or update your CocoaPods installation.\" >&2\n    exit 1\nfi\n# This output is used by Xcode 'outputs' to avoid re-running this script phase.\necho \"SUCCESS\" > \"${SCRIPT_OUTPUT_FILE_0}\"\n";
			showEnvVarsInLog = 0;
		};
/* End PBXShellScriptBuildPhase section */

/* Begin PBXSourcesBuildPhase section */
		9BEC0FDD20BF6933003200F6 /* Sources */ = {
			isa = PBXSourcesBuildPhase;
			buildActionMask = 2147483647;
			files = (
				9BEC0FFF20BF787F003200F6 /* WatchlistCell.swift in Sources */,
				9BEC0FFD20BF73E4003200F6 /* AddCoinViewController.swift in Sources */,
				9BEC0FFB20BF6BC9003200F6 /* DetailViewController.swift in Sources */,
				9BEC100920BF9D7C003200F6 /* DataModal.xcdatamodeld in Sources */,
				9BEC100F20BFA2FE003200F6 /* BittrexClient.swift in Sources */,
				9BC51A4520C17156000110A2 /* displayError.swift in Sources */,
				9BEC0FF720BF6AC8003200F6 /* WatchlistViewController.swift in Sources */,
				9B535D4520C1135900982A6D /* CurrencyData.swift in Sources */,
				9BEC0FE520BF6933003200F6 /* AppDelegate.swift in Sources */,
				9B535D4720C1251A00982A6D /* Bid.swift in Sources */,
			);
			runOnlyForDeploymentPostprocessing = 0;
		};
/* End PBXSourcesBuildPhase section */

/* Begin PBXVariantGroup section */
		9BEC0FE820BF6933003200F6 /* Main.storyboard */ = {
			isa = PBXVariantGroup;
			children = (
				9BEC0FE920BF6933003200F6 /* Base */,
			);
			name = Main.storyboard;
			sourceTree = "<group>";
		};
		9BEC0FED20BF6933003200F6 /* LaunchScreen.storyboard */ = {
			isa = PBXVariantGroup;
			children = (
				9BEC0FEE20BF6933003200F6 /* Base */,
			);
			name = LaunchScreen.storyboard;
			sourceTree = "<group>";
		};
/* End PBXVariantGroup section */

/* Begin XCBuildConfiguration section */
		9BEC0FF120BF6933003200F6 /* Debug */ = {
			isa = XCBuildConfiguration;
			buildSettings = {
				ALWAYS_SEARCH_USER_PATHS = NO;
				CLANG_ANALYZER_NONNULL = YES;
				CLANG_ANALYZER_NUMBER_OBJECT_CONVERSION = YES_AGGRESSIVE;
				CLANG_CXX_LANGUAGE_STANDARD = "gnu++14";
				CLANG_CXX_LIBRARY = "libc++";
				CLANG_ENABLE_MODULES = YES;
				CLANG_ENABLE_OBJC_ARC = YES;
				CLANG_WARN_BLOCK_CAPTURE_AUTORELEASING = YES;
				CLANG_WARN_BOOL_CONVERSION = YES;
				CLANG_WARN_COMMA = YES;
				CLANG_WARN_CONSTANT_CONVERSION = YES;
				CLANG_WARN_DIRECT_OBJC_ISA_USAGE = YES_ERROR;
				CLANG_WARN_DOCUMENTATION_COMMENTS = YES;
				CLANG_WARN_EMPTY_BODY = YES;
				CLANG_WARN_ENUM_CONVERSION = YES;
				CLANG_WARN_INFINITE_RECURSION = YES;
				CLANG_WARN_INT_CONVERSION = YES;
				CLANG_WARN_NON_LITERAL_NULL_CONVERSION = YES;
				CLANG_WARN_OBJC_LITERAL_CONVERSION = YES;
				CLANG_WARN_OBJC_ROOT_CLASS = YES_ERROR;
				CLANG_WARN_RANGE_LOOP_ANALYSIS = YES;
				CLANG_WARN_STRICT_PROTOTYPES = YES;
				CLANG_WARN_SUSPICIOUS_MOVE = YES;
				CLANG_WARN_UNGUARDED_AVAILABILITY = YES_AGGRESSIVE;
				CLANG_WARN_UNREACHABLE_CODE = YES;
				CLANG_WARN__DUPLICATE_METHOD_MATCH = YES;
				CODE_SIGN_IDENTITY = "iPhone Developer";
				COPY_PHASE_STRIP = NO;
				DEBUG_INFORMATION_FORMAT = dwarf;
				ENABLE_STRICT_OBJC_MSGSEND = YES;
				ENABLE_TESTABILITY = YES;
				GCC_C_LANGUAGE_STANDARD = gnu11;
				GCC_DYNAMIC_NO_PIC = NO;
				GCC_NO_COMMON_BLOCKS = YES;
				GCC_OPTIMIZATION_LEVEL = 0;
				GCC_PREPROCESSOR_DEFINITIONS = (
					"DEBUG=1",
					"$(inherited)",
				);
				GCC_WARN_64_TO_32_BIT_CONVERSION = YES;
				GCC_WARN_ABOUT_RETURN_TYPE = YES_ERROR;
				GCC_WARN_UNDECLARED_SELECTOR = YES;
				GCC_WARN_UNINITIALIZED_AUTOS = YES_AGGRESSIVE;
				GCC_WARN_UNUSED_FUNCTION = YES;
				GCC_WARN_UNUSED_VARIABLE = YES;
				IPHONEOS_DEPLOYMENT_TARGET = 11.2;
				MTL_ENABLE_DEBUG_INFO = YES;
				ONLY_ACTIVE_ARCH = YES;
				SDKROOT = iphoneos;
				SWIFT_ACTIVE_COMPILATION_CONDITIONS = DEBUG;
				SWIFT_OPTIMIZATION_LEVEL = "-Onone";
			};
			name = Debug;
		};
		9BEC0FF220BF6933003200F6 /* Release */ = {
			isa = XCBuildConfiguration;
			buildSettings = {
				ALWAYS_SEARCH_USER_PATHS = NO;
				CLANG_ANALYZER_NONNULL = YES;
				CLANG_ANALYZER_NUMBER_OBJECT_CONVERSION = YES_AGGRESSIVE;
				CLANG_CXX_LANGUAGE_STANDARD = "gnu++14";
				CLANG_CXX_LIBRARY = "libc++";
				CLANG_ENABLE_MODULES = YES;
				CLANG_ENABLE_OBJC_ARC = YES;
				CLANG_WARN_BLOCK_CAPTURE_AUTORELEASING = YES;
				CLANG_WARN_BOOL_CONVERSION = YES;
				CLANG_WARN_COMMA = YES;
				CLANG_WARN_CONSTANT_CONVERSION = YES;
				CLANG_WARN_DIRECT_OBJC_ISA_USAGE = YES_ERROR;
				CLANG_WARN_DOCUMENTATION_COMMENTS = YES;
				CLANG_WARN_EMPTY_BODY = YES;
				CLANG_WARN_ENUM_CONVERSION = YES;
				CLANG_WARN_INFINITE_RECURSION = YES;
				CLANG_WARN_INT_CONVERSION = YES;
				CLANG_WARN_NON_LITERAL_NULL_CONVERSION = YES;
				CLANG_WARN_OBJC_LITERAL_CONVERSION = YES;
				CLANG_WARN_OBJC_ROOT_CLASS = YES_ERROR;
				CLANG_WARN_RANGE_LOOP_ANALYSIS = YES;
				CLANG_WARN_STRICT_PROTOTYPES = YES;
				CLANG_WARN_SUSPICIOUS_MOVE = YES;
				CLANG_WARN_UNGUARDED_AVAILABILITY = YES_AGGRESSIVE;
				CLANG_WARN_UNREACHABLE_CODE = YES;
				CLANG_WARN__DUPLICATE_METHOD_MATCH = YES;
				CODE_SIGN_IDENTITY = "iPhone Developer";
				COPY_PHASE_STRIP = NO;
				DEBUG_INFORMATION_FORMAT = "dwarf-with-dsym";
				ENABLE_NS_ASSERTIONS = NO;
				ENABLE_STRICT_OBJC_MSGSEND = YES;
				GCC_C_LANGUAGE_STANDARD = gnu11;
				GCC_NO_COMMON_BLOCKS = YES;
				GCC_WARN_64_TO_32_BIT_CONVERSION = YES;
				GCC_WARN_ABOUT_RETURN_TYPE = YES_ERROR;
				GCC_WARN_UNDECLARED_SELECTOR = YES;
				GCC_WARN_UNINITIALIZED_AUTOS = YES_AGGRESSIVE;
				GCC_WARN_UNUSED_FUNCTION = YES;
				GCC_WARN_UNUSED_VARIABLE = YES;
				IPHONEOS_DEPLOYMENT_TARGET = 11.2;
				MTL_ENABLE_DEBUG_INFO = NO;
				SDKROOT = iphoneos;
				SWIFT_OPTIMIZATION_LEVEL = "-Owholemodule";
				VALIDATE_PRODUCT = YES;
			};
			name = Release;
		};
		9BEC0FF420BF6933003200F6 /* Debug */ = {
			isa = XCBuildConfiguration;
			baseConfigurationReference = 1E6AA4DF8CBEB189D0B8441F /* Pods-Cryptrack.debug.xcconfig */;
			buildSettings = {
				ASSETCATALOG_COMPILER_APPICON_NAME = AppIcon;
				"CODE_SIGN_IDENTITY[sdk=iphoneos*]" = "iPhone Developer";
				CODE_SIGN_STYLE = Automatic;
				DEVELOPMENT_TEAM = P88C5K7GWZ;
				INFOPLIST_FILE = "Cryptrack/Supporting Files/Info.plist";
				LD_RUNPATH_SEARCH_PATHS = "$(inherited) @executable_path/Frameworks";
				PRODUCT_BUNDLE_IDENTIFIER = "baonur.cryptrack-lite.com";
				PRODUCT_NAME = "$(TARGET_NAME)";
				PROVISIONING_PROFILE_SPECIFIER = "";
				SWIFT_VERSION = 4.0;
				TARGETED_DEVICE_FAMILY = "1,2";
			};
			name = Debug;
		};
		9BEC0FF520BF6933003200F6 /* Release */ = {
			isa = XCBuildConfiguration;
			baseConfigurationReference = 5D44C0B1FA4393B74297279C /* Pods-Cryptrack.release.xcconfig */;
			buildSettings = {
				ASSETCATALOG_COMPILER_APPICON_NAME = AppIcon;
				"CODE_SIGN_IDENTITY[sdk=iphoneos*]" = "iPhone Developer";
				CODE_SIGN_STYLE = Automatic;
				DEVELOPMENT_TEAM = P88C5K7GWZ;
				INFOPLIST_FILE = "Cryptrack/Supporting Files/Info.plist";
				LD_RUNPATH_SEARCH_PATHS = "$(inherited) @executable_path/Frameworks";
				PRODUCT_BUNDLE_IDENTIFIER = "baonur.cryptrack-lite.com";
				PRODUCT_NAME = "$(TARGET_NAME)";
				PROVISIONING_PROFILE_SPECIFIER = "";
				SWIFT_VERSION = 4.0;
				TARGETED_DEVICE_FAMILY = "1,2";
			};
			name = Release;
		};
/* End XCBuildConfiguration section */

/* Begin XCConfigurationList section */
		9BEC0FDC20BF6933003200F6 /* Build configuration list for PBXProject "Cryptrack" */ = {
			isa = XCConfigurationList;
			buildConfigurations = (
				9BEC0FF120BF6933003200F6 /* Debug */,
				9BEC0FF220BF6933003200F6 /* Release */,
			);
			defaultConfigurationIsVisible = 0;
			defaultConfigurationName = Release;
		};
		9BEC0FF320BF6933003200F6 /* Build configuration list for PBXNativeTarget "Cryptrack" */ = {
			isa = XCConfigurationList;
			buildConfigurations = (
				9BEC0FF420BF6933003200F6 /* Debug */,
				9BEC0FF520BF6933003200F6 /* Release */,
			);
			defaultConfigurationIsVisible = 0;
			defaultConfigurationName = Release;
		};
/* End XCConfigurationList section */

/* Begin XCVersionGroup section */
		9BEC100720BF9D7C003200F6 /* DataModal.xcdatamodeld */ = {
			isa = XCVersionGroup;
			children = (
				9BEC100820BF9D7C003200F6 /* DataModal.xcdatamodel */,
			);
			currentVersion = 9BEC100820BF9D7C003200F6 /* DataModal.xcdatamodel */;
			path = DataModal.xcdatamodeld;
			sourceTree = "<group>";
			versionGroupType = wrapper.xcdatamodel;
		};
/* End XCVersionGroup section */
	};
	rootObject = 9BEC0FD920BF6933003200F6 /* Project object */;
}
